# Generated by buf. DO NOT EDIT.
version: v2
deps:
  - name: buf.build/googleapis/googleapis
    commit: 28151c0d0a1641bf938a7672c500e01d
    digest: b5:93b70089baa4fc05a92d3e52db91a4b7812db3b57b9664f6cb301733938cb630e377a938e8a56779388171c749c1d42a2e9a6c6230f2ff45f127a8102a6a27d0
  - name: buf.build/temporalio/api
    commit: 7a52cb0e8e0f4ebba6b6f7b74727ff9d
    digest: b5:44ad65d171c4e08e7773fb4cea8b30e122bb3ef21e3acf5f66554a6b2081d1876468afa28cbe8021dae5c2d9907d71f3c08c143e09ca54db295fc423a84b2bda
